// !$*UTF8*$!
{
	archiveVersion = 1;
	classes = {
	};
	objectVersion = 46;
	objects = {

/* Begin PBXBuildFile section */
		C622ECBF1F1FC5D80015175A /* main.m in Sources */ = {isa = PBXBuildFile; fileRef = C65C1B581F0F93EB002E79FF /* main.m */; };
		C622ECC01F1FC5D80015175A /* crawler_object.m in Sources */ = {isa = PBXBuildFile; fileRef = C65C1B601F0F9456002E79FF /* crawler_object.m */; };
		C622ECC11F1FC5D80015175A /* NSMutableArray+NSMutableFifo.m in Sources */ = {isa = PBXBuildFile; fileRef = C65C1B711F0FB802002E79FF /* NSMutableArray+NSMutableFifo.m */; };
		C622ECC21F1FC6660015175A /* TFHpple.m in Sources */ = {isa = PBXBuildFile; fileRef = C632868D1F14C60100A19010 /* TFHpple.m */; };
		C622ECC31F1FC6660015175A /* TFHppleElement.m in Sources */ = {isa = PBXBuildFile; fileRef = C632868E1F14C60100A19010 /* TFHppleElement.m */; };
		C622ECC41F1FC6660015175A /* XPathQuery.m in Sources */ = {isa = PBXBuildFile; fileRef = C65C1B671F0F94AD002E79FF /* XPathQuery.m */; };
		C622ECC51F1FC6660015175A /* HTMLDocument.m in Sources */ = {isa = PBXBuildFile; fileRef = C651E2F21F13DF0E006FB9F3 /* HTMLDocument.m */; };
		C622ECC61F1FC6660015175A /* HTMLNode+XPath.m in Sources */ = {isa = PBXBuildFile; fileRef = C651E2F41F13DF0E006FB9F3 /* HTMLNode+XPath.m */; };
		C622ECC71F1FC6660015175A /* HTMLNode.m in Sources */ = {isa = PBXBuildFile; fileRef = C651E2F71F13DF0E006FB9F3 /* HTMLNode.m */; };
		C625B2721F1CFBAA0005EB9D /* PGClientKit.framework in Frameworks */ = {isa = PBXBuildFile; fileRef = C625B2711F1CFBAA0005EB9D /* PGClientKit.framework */; settings = {ATTRIBUTES = (Weak, ); }; };
		C642C4971F1D086700610B1C /* PGClientKit.framework in CopyFiles */ = {isa = PBXBuildFile; fileRef = C625B2711F1CFBAA0005EB9D /* PGClientKit.framework */; };
		C65C1B6E1F0F95D0002E79FF /* libxml2.tbd in Frameworks */ = {isa = PBXBuildFile; fileRef = C65C1B6D1F0F95D0002E79FF /* libxml2.tbd */; };
/* End PBXBuildFile section */

/* Begin PBXCopyFilesBuildPhase section */
		C642C4961F1D085800610B1C /* CopyFiles */ = {
			isa = PBXCopyFilesBuildPhase;
			buildActionMask = 2147483647;
			dstPath = "";
			dstSubfolderSpec = 16;
			files = (
				C642C4971F1D086700610B1C /* PGClientKit.framework in CopyFiles */,
			);
			runOnlyForDeploymentPostprocessing = 0;
		};
		C65C1B531F0F93EB002E79FF /* CopyFiles */ = {
			isa = PBXCopyFilesBuildPhase;
			buildActionMask = 2147483647;
			dstPath = /usr/share/man/man1/;
			dstSubfolderSpec = 0;
			files = (
			);
			runOnlyForDeploymentPostprocessing = 1;
		};
		C675F3581F264CA200DE54D1 /* CopyFiles */ = {
			isa = PBXCopyFilesBuildPhase;
			buildActionMask = 2147483647;
			dstPath = "";
			dstSubfolderSpec = 7;
			files = (
			);
			runOnlyForDeploymentPostprocessing = 0;
		};
/* End PBXCopyFilesBuildPhase section */

/* Begin PBXFileReference section */
		C625B2711F1CFBAA0005EB9D /* PGClientKit.framework */ = {isa = PBXFileReference; lastKnownFileType = wrapper.framework; name = PGClientKit.framework; path = crawler_datasheet/library/PGClientKit.framework; sourceTree = "<group>"; };
		C632868B1F14C60100A19010 /* TFHpple.h */ = {isa = PBXFileReference; fileEncoding = 4; lastKnownFileType = sourcecode.c.h; path = TFHpple.h; sourceTree = "<group>"; };
		C632868C1F14C60100A19010 /* TFHppleElement.h */ = {isa = PBXFileReference; fileEncoding = 4; lastKnownFileType = sourcecode.c.h; path = TFHppleElement.h; sourceTree = "<group>"; };
		C632868D1F14C60100A19010 /* TFHpple.m */ = {isa = PBXFileReference; fileEncoding = 4; lastKnownFileType = sourcecode.c.objc; path = TFHpple.m; sourceTree = "<group>"; };
		C632868E1F14C60100A19010 /* TFHppleElement.m */ = {isa = PBXFileReference; fileEncoding = 4; lastKnownFileType = sourcecode.c.objc; path = TFHppleElement.m; sourceTree = "<group>"; };
		C651E2F21F13DF0E006FB9F3 /* HTMLDocument.m */ = {isa = PBXFileReference; fileEncoding = 4; lastKnownFileType = sourcecode.c.objc; name = HTMLDocument.m; path = library/HTMLDocument.m; sourceTree = "<group>"; };
		C651E2F31F13DF0E006FB9F3 /* HTMLDocument.h */ = {isa = PBXFileReference; fileEncoding = 4; lastKnownFileType = sourcecode.c.h; name = HTMLDocument.h; path = library/HTMLDocument.h; sourceTree = "<group>"; };
		C651E2F41F13DF0E006FB9F3 /* HTMLNode+XPath.m */ = {isa = PBXFileReference; fileEncoding = 4; lastKnownFileType = sourcecode.c.objc; name = "HTMLNode+XPath.m"; path = "library/HTMLNode+XPath.m"; sourceTree = "<group>"; };
		C651E2F51F13DF0E006FB9F3 /* HTMLNode+XPath.h */ = {isa = PBXFileReference; fileEncoding = 4; lastKnownFileType = sourcecode.c.h; name = "HTMLNode+XPath.h"; path = "library/HTMLNode+XPath.h"; sourceTree = "<group>"; };
		C651E2F61F13DF0E006FB9F3 /* HTMLNode.h */ = {isa = PBXFileReference; fileEncoding = 4; lastKnownFileType = sourcecode.c.h; name = HTMLNode.h; path = library/HTMLNode.h; sourceTree = "<group>"; };
		C651E2F71F13DF0E006FB9F3 /* HTMLNode.m */ = {isa = PBXFileReference; fileEncoding = 4; lastKnownFileType = sourcecode.c.objc; name = HTMLNode.m; path = library/HTMLNode.m; sourceTree = "<group>"; };
		C65C1B551F0F93EB002E79FF /* crawler_datasheet */ = {isa = PBXFileReference; explicitFileType = "compiled.mach-o.executable"; includeInIndex = 0; path = crawler_datasheet; sourceTree = BUILT_PRODUCTS_DIR; };
		C65C1B581F0F93EB002E79FF /* main.m */ = {isa = PBXFileReference; lastKnownFileType = sourcecode.c.objc; path = main.m; sourceTree = "<group>"; };
		C65C1B5F1F0F9456002E79FF /* crawler_object.h */ = {isa = PBXFileReference; fileEncoding = 4; lastKnownFileType = sourcecode.c.h; path = crawler_object.h; sourceTree = "<group>"; };
		C65C1B601F0F9456002E79FF /* crawler_object.m */ = {isa = PBXFileReference; fileEncoding = 4; lastKnownFileType = sourcecode.c.objc; path = crawler_object.m; sourceTree = "<group>"; };
		C65C1B621F0F94AD002E79FF /* XPathQuery.h */ = {isa = PBXFileReference; fileEncoding = 4; lastKnownFileType = sourcecode.c.h; path = XPathQuery.h; sourceTree = "<group>"; };
		C65C1B671F0F94AD002E79FF /* XPathQuery.m */ = {isa = PBXFileReference; fileEncoding = 4; lastKnownFileType = sourcecode.c.objc; path = XPathQuery.m; sourceTree = "<group>"; };
		C65C1B6D1F0F95D0002E79FF /* libxml2.tbd */ = {isa = PBXFileReference; lastKnownFileType = "sourcecode.text-based-dylib-definition"; name = libxml2.tbd; path = usr/lib/libxml2.tbd; sourceTree = SDKROOT; };
		C65C1B6F1F0F9813002E79FF /* Prefix.pch */ = {isa = PBXFileReference; fileEncoding = 4; lastKnownFileType = sourcecode.c.h; path = Prefix.pch; sourceTree = "<group>"; };
		C65C1B701F0FB802002E79FF /* NSMutableArray+NSMutableFifo.h */ = {isa = PBXFileReference; fileEncoding = 4; lastKnownFileType = sourcecode.c.h; path = "NSMutableArray+NSMutableFifo.h"; sourceTree = "<group>"; };
		C65C1B711F0FB802002E79FF /* NSMutableArray+NSMutableFifo.m */ = {isa = PBXFileReference; fileEncoding = 4; lastKnownFileType = sourcecode.c.objc; path = "NSMutableArray+NSMutableFifo.m"; sourceTree = "<group>"; };
/* End PBXFileReference section */

/* Begin PBXFrameworksBuildPhase section */
		C65C1B521F0F93EB002E79FF /* Frameworks */ = {
			isa = PBXFrameworksBuildPhase;
			buildActionMask = 2147483647;
			files = (
				C625B2721F1CFBAA0005EB9D /* PGClientKit.framework in Frameworks */,
				C65C1B6E1F0F95D0002E79FF /* libxml2.tbd in Frameworks */,
			);
			runOnlyForDeploymentPostprocessing = 0;
		};
/* End PBXFrameworksBuildPhase section */

/* Begin PBXGroup section */
		C63286861F14C57D00A19010 /* xmlquery_xx2 */ = {
			isa = PBXGroup;
			children = (
				C632868B1F14C60100A19010 /* TFHpple.h */,
				C632868C1F14C60100A19010 /* TFHppleElement.h */,
				C632868D1F14C60100A19010 /* TFHpple.m */,
				C632868E1F14C60100A19010 /* TFHppleElement.m */,
				C65C1B621F0F94AD002E79FF /* XPathQuery.h */,
				C65C1B671F0F94AD002E79FF /* XPathQuery.m */,
			);
			name = xmlquery_xx2;
			path = xmlquery;
			sourceTree = "<group>";
		};
		C651E2F11F13DEEE006FB9F3 /* htmldocument */ = {
			isa = PBXGroup;
			children = (
				C651E2F21F13DF0E006FB9F3 /* HTMLDocument.m */,
				C651E2F31F13DF0E006FB9F3 /* HTMLDocument.h */,
				C651E2F41F13DF0E006FB9F3 /* HTMLNode+XPath.m */,
				C651E2F51F13DF0E006FB9F3 /* HTMLNode+XPath.h */,
				C651E2F61F13DF0E006FB9F3 /* HTMLNode.h */,
				C651E2F71F13DF0E006FB9F3 /* HTMLNode.m */,
			);
			name = htmldocument;
			sourceTree = "<group>";
		};
		C65C1B4C1F0F93EB002E79FF = {
			isa = PBXGroup;
			children = (
				C65C1B571F0F93EB002E79FF /* crawler_datasheet */,
				C65C1B561F0F93EB002E79FF /* Products */,
				C65C1B6C1F0F95D0002E79FF /* Frameworks */,
			);
			sourceTree = "<group>";
		};
		C65C1B561F0F93EB002E79FF /* Products */ = {
			isa = PBXGroup;
			children = (
				C65C1B551F0F93EB002E79FF /* crawler_datasheet */,
			);
			name = Products;
			sourceTree = "<group>";
		};
		C65C1B571F0F93EB002E79FF /* crawler_datasheet */ = {
			isa = PBXGroup;
			children = (
				C65C1B6F1F0F9813002E79FF /* Prefix.pch */,
				C65C1B6B1F0F94B2002E79FF /* library */,
				C65C1B581F0F93EB002E79FF /* main.m */,
				C65C1B5F1F0F9456002E79FF /* crawler_object.h */,
				C65C1B601F0F9456002E79FF /* crawler_object.m */,
				C65C1B701F0FB802002E79FF /* NSMutableArray+NSMutableFifo.h */,
				C65C1B711F0FB802002E79FF /* NSMutableArray+NSMutableFifo.m */,
			);
			path = crawler_datasheet;
			sourceTree = "<group>";
		};
		C65C1B6B1F0F94B2002E79FF /* library */ = {
			isa = PBXGroup;
			children = (
				C63286861F14C57D00A19010 /* xmlquery_xx2 */,
				C651E2F11F13DEEE006FB9F3 /* htmldocument */,
			);
			name = library;
			sourceTree = "<group>";
		};
		C65C1B6C1F0F95D0002E79FF /* Frameworks */ = {
			isa = PBXGroup;
			children = (
				C625B2711F1CFBAA0005EB9D /* PGClientKit.framework */,
				C65C1B6D1F0F95D0002E79FF /* libxml2.tbd */,
			);
			name = Frameworks;
			sourceTree = "<group>";
		};
/* End PBXGroup section */

/* Begin PBXNativeTarget section */
		C65C1B541F0F93EB002E79FF /* crawler_datasheet */ = {
			isa = PBXNativeTarget;
			buildConfigurationList = C65C1B5C1F0F93EB002E79FF /* Build configuration list for PBXNativeTarget "crawler_datasheet" */;
			buildPhases = (
				C675F3591F264CB500DE54D1 /* ShellScript */,
				C65C1B511F0F93EB002E79FF /* Sources */,
				C65C1B521F0F93EB002E79FF /* Frameworks */,
				C65C1B531F0F93EB002E79FF /* CopyFiles */,
				C642C4961F1D085800610B1C /* CopyFiles */,
				C675F3581F264CA200DE54D1 /* CopyFiles */,
			);
			buildRules = (
			);
			dependencies = (
			);
			name = crawler_datasheet;
			productName = crawler_datasheet;
			productReference = C65C1B551F0F93EB002E79FF /* crawler_datasheet */;
			productType = "com.apple.product-type.tool";
		};
/* End PBXNativeTarget section */

/* Begin PBXProject section */
		C65C1B4D1F0F93EB002E79FF /* Project object */ = {
			isa = PBXProject;
			attributes = {
				LastUpgradeCheck = 0830;
				ORGANIZATIONNAME = "Sebastien COTILLARD";
				TargetAttributes = {
					C65C1B541F0F93EB002E79FF = {
						CreatedOnToolsVersion = 8.3.3;
						ProvisioningStyle = Automatic;
					};
				};
			};
			buildConfigurationList = C65C1B501F0F93EB002E79FF /* Build configuration list for PBXProject "crawler_datasheet" */;
			compatibilityVersion = "Xcode 3.2";
			developmentRegion = English;
			hasScannedForEncodings = 0;
			knownRegions = (
				en,
				Base,
			);
			mainGroup = C65C1B4C1F0F93EB002E79FF;
			productRefGroup = C65C1B561F0F93EB002E79FF /* Products */;
			projectDirPath = "";
			projectRoot = "";
			targets = (
				C65C1B541F0F93EB002E79FF /* crawler_datasheet */,
			);
		};
/* End PBXProject section */

/* Begin PBXShellScriptBuildPhase section */
		C675F3591F264CB500DE54D1 /* ShellScript */ = {
			isa = PBXShellScriptBuildPhase;
			buildActionMask = 2147483647;
			files = (
			);
			inputPaths = (
			);
			outputPaths = (
			);
			runOnlyForDeploymentPostprocessing = 0;
			shellPath = /bin/sh;
			shellScript = "#!/bin/bash\n\necho ${BUILT_PRODUCTS_DIR}\necho ${PROJECT_DIR}\n";
		};
/* End PBXShellScriptBuildPhase section */

/* Begin PBXSourcesBuildPhase section */
		C65C1B511F0F93EB002E79FF /* Sources */ = {
			isa = PBXSourcesBuildPhase;
			buildActionMask = 2147483647;
			files = (
				C622ECBF1F1FC5D80015175A /* main.m in Sources */,
				C622ECC01F1FC5D80015175A /* crawler_object.m in Sources */,
				C622ECC11F1FC5D80015175A /* NSMutableArray+NSMutableFifo.m in Sources */,
				C622ECC21F1FC6660015175A /* TFHpple.m in Sources */,
				C622ECC31F1FC6660015175A /* TFHppleElement.m in Sources */,
				C622ECC41F1FC6660015175A /* XPathQuery.m in Sources */,
				C622ECC51F1FC6660015175A /* HTMLDocument.m in Sources */,
				C622ECC61F1FC6660015175A /* HTMLNode+XPath.m in Sources */,
				C622ECC71F1FC6660015175A /* HTMLNode.m in Sources */,
			);
			runOnlyForDeploymentPostprocessing = 0;
		};
/* End PBXSourcesBuildPhase section */

/* Begin XCBuildConfiguration section */
		C65C1B5A1F0F93EB002E79FF /* Debug */ = {
			isa = XCBuildConfiguration;
			buildSettings = {
				ALWAYS_SEARCH_USER_PATHS = YES;
				CLANG_ANALYZER_NONNULL = YES;
				CLANG_ANALYZER_NUMBER_OBJECT_CONVERSION = YES_AGGRESSIVE;
				CLANG_CXX_LANGUAGE_STANDARD = "gnu++0x";
				CLANG_CXX_LIBRARY = "libc++";
				CLANG_ENABLE_MODULES = YES;
				CLANG_ENABLE_OBJC_ARC = YES;
				CLANG_WARN_BOOL_CONVERSION = YES;
				CLANG_WARN_CONSTANT_CONVERSION = YES;
				CLANG_WARN_DIRECT_OBJC_ISA_USAGE = YES_ERROR;
				CLANG_WARN_DOCUMENTATION_COMMENTS = YES;
				CLANG_WARN_EMPTY_BODY = YES;
				CLANG_WARN_ENUM_CONVERSION = YES;
				CLANG_WARN_INFINITE_RECURSION = YES;
				CLANG_WARN_INT_CONVERSION = YES;
				CLANG_WARN_OBJC_ROOT_CLASS = YES_ERROR;
				CLANG_WARN_SUSPICIOUS_MOVE = YES;
				CLANG_WARN_UNREACHABLE_CODE = YES;
				CLANG_WARN__DUPLICATE_METHOD_MATCH = YES;
				CODE_SIGN_IDENTITY = "-";
				COPY_PHASE_STRIP = NO;
				DEBUG_INFORMATION_FORMAT = dwarf;
				ENABLE_STRICT_OBJC_MSGSEND = YES;
				ENABLE_TESTABILITY = YES;
				GCC_C_LANGUAGE_STANDARD = gnu99;
				GCC_DYNAMIC_NO_PIC = NO;
				GCC_INCREASE_PRECOMPILED_HEADER_SHARING = YES;
				GCC_NO_COMMON_BLOCKS = YES;
				GCC_OPTIMIZATION_LEVEL = 0;
				GCC_PREFIX_HEADER = "$(PRODUCT_NAME)/Prefix.pch";
				GCC_PREPROCESSOR_DEFINITIONS = (
					"DEBUG=1",
					"$(inherited)",
				);
				GCC_WARN_64_TO_32_BIT_CONVERSION = YES;
				GCC_WARN_ABOUT_RETURN_TYPE = YES_ERROR;
				GCC_WARN_UNDECLARED_SELECTOR = YES;
				GCC_WARN_UNINITIALIZED_AUTOS = YES_AGGRESSIVE;
				GCC_WARN_UNUSED_FUNCTION = YES;
				GCC_WARN_UNUSED_VARIABLE = YES;
				HEADER_SEARCH_PATHS = "${SDKROOT}/usr/include/libxml2";
				LD_RUNPATH_SEARCH_PATHS = "${BUILT_PRODUCTS_DIR}";
				MACOSX_DEPLOYMENT_TARGET = 10.11;
				MTL_ENABLE_DEBUG_INFO = YES;
				ONLY_ACTIVE_ARCH = YES;
				OTHER_LDFLAGS = (
					"$(inherited)",
					"-lxml2",
				);
				SDKROOT = macosx;
			};
			name = Debug;
		};
		C65C1B5B1F0F93EB002E79FF /* Release */ = {
			isa = XCBuildConfiguration;
			buildSettings = {
				ALWAYS_SEARCH_USER_PATHS = YES;
				CLANG_ANALYZER_NONNULL = YES;
				CLANG_ANALYZER_NUMBER_OBJECT_CONVERSION = YES_AGGRESSIVE;
				CLANG_CXX_LANGUAGE_STANDARD = "gnu++0x";
				CLANG_CXX_LIBRARY = "libc++";
				CLANG_ENABLE_MODULES = YES;
				CLANG_ENABLE_OBJC_ARC = YES;
				CLANG_WARN_BOOL_CONVERSION = YES;
				CLANG_WARN_CONSTANT_CONVERSION = YES;
				CLANG_WARN_DIRECT_OBJC_ISA_USAGE = YES_ERROR;
				CLANG_WARN_DOCUMENTATION_COMMENTS = YES;
				CLANG_WARN_EMPTY_BODY = YES;
				CLANG_WARN_ENUM_CONVERSION = YES;
				CLANG_WARN_INFINITE_RECURSION = YES;
				CLANG_WARN_INT_CONVERSION = YES;
				CLANG_WARN_OBJC_ROOT_CLASS = YES_ERROR;
				CLANG_WARN_SUSPICIOUS_MOVE = YES;
				CLANG_WARN_UNREACHABLE_CODE = YES;
				CLANG_WARN__DUPLICATE_METHOD_MATCH = YES;
				CODE_SIGN_IDENTITY = "-";
				COPY_PHASE_STRIP = NO;
				DEBUG_INFORMATION_FORMAT = "dwarf-with-dsym";
				ENABLE_NS_ASSERTIONS = YES;
				ENABLE_STRICT_OBJC_MSGSEND = YES;
				GCC_C_LANGUAGE_STANDARD = gnu99;
				GCC_INCREASE_PRECOMPILED_HEADER_SHARING = YES;
				GCC_NO_COMMON_BLOCKS = YES;
				GCC_PREFIX_HEADER = "$(PRODUCT_NAME)/Prefix.pch";
				GCC_WARN_64_TO_32_BIT_CONVERSION = YES;
				GCC_WARN_ABOUT_RETURN_TYPE = YES_ERROR;
				GCC_WARN_UNDECLARED_SELECTOR = YES;
				GCC_WARN_UNINITIALIZED_AUTOS = YES_AGGRESSIVE;
				GCC_WARN_UNUSED_FUNCTION = YES;
				GCC_WARN_UNUSED_VARIABLE = YES;
				HEADER_SEARCH_PATHS = "${SDKROOT}/usr/include/libxml2";
				LD_RUNPATH_SEARCH_PATHS = "${BUILT_PRODUCTS_DIR}";
				MACOSX_DEPLOYMENT_TARGET = 10.11;
				MTL_ENABLE_DEBUG_INFO = NO;
				OTHER_LDFLAGS = (
					"$(inherited)",
					"-lxml2",
				);
				SDKROOT = macosx;
			};
			name = Release;
		};
		C65C1B5D1F0F93EB002E79FF /* Debug */ = {
			isa = XCBuildConfiguration;
			buildSettings = {
				FRAMEWORK_SEARCH_PATHS = (
					"$(inherited)",
					"$(PROJECT_DIR)/crawler_datasheet/library",
				);
				GCC_PREFIX_HEADER = "${PRODUCT_NAME}/Prefix.pch";
				MACOSX_DEPLOYMENT_TARGET = 10.11;
				PRODUCT_NAME = "$(TARGET_NAME)";
			};
			name = Debug;
		};
		C65C1B5E1F0F93EB002E79FF /* Release */ = {
			isa = XCBuildConfiguration;
			buildSettings = {
				FRAMEWORK_SEARCH_PATHS = (
					"$(inherited)",
					"$(PROJECT_DIR)/crawler_datasheet/library",
				);
				GCC_PREFIX_HEADER = "${PRODUCT_NAME}/Prefix.pch";
				MACOSX_DEPLOYMENT_TARGET = 10.11;
				PRODUCT_NAME = "$(TARGET_NAME)";
			};
			name = Release;
		};
/* End XCBuildConfiguration section */

/* Begin XCConfigurationList section */
		C65C1B501F0F93EB002E79FF /* Build configuration list for PBXProject "crawler_datasheet" */ = {
			isa = XCConfigurationList;
			buildConfigurations = (
				C65C1B5A1F0F93EB002E79FF /* Debug */,
				C65C1B5B1F0F93EB002E79FF /* Release */,
			);
			defaultConfigurationIsVisible = 0;
			defaultConfigurationName = Release;
		};
		C65C1B5C1F0F93EB002E79FF /* Build configuration list for PBXNativeTarget "crawler_datasheet" */ = {
			isa = XCConfigurationList;
			buildConfigurations = (
				C65C1B5D1F0F93EB002E79FF /* Debug */,
				C65C1B5E1F0F93EB002E79FF /* Release */,
			);
			defaultConfigurationIsVisible = 0;
			defaultConfigurationName = Release;
		};
/* End XCConfigurationList section */
	};
	rootObject = C65C1B4D1F0F93EB002E79FF /* Project object */;
}
