// !$*UTF8*$!
{
	archiveVersion = 1;
	classes = {
	};
	objectVersion = 46;
	objects = {

/* Begin PBXBuildFile section */
		C61748A61F27878A0062E7AD /* PGClientKit.framework in Frameworks */ = {isa = PBXBuildFile; fileRef = C617488F1F2787040062E7AD /* PGClientKit.framework */; };
		C622ECBF1F1FC5D80015175A /* main.m in Sources */ = {isa = PBXBuildFile; fileRef = C65C1B581F0F93EB002E79FF /* main.m */; };
		C622ECC01F1FC5D80015175A /* crawler_object.m in Sources */ = {isa = PBXBuildFile; fileRef = C65C1B601F0F9456002E79FF /* crawler_object.m */; };
		C622ECC11F1FC5D80015175A /* NSMutableArray+NSMutableFifo.m in Sources */ = {isa = PBXBuildFile; fileRef = C65C1B711F0FB802002E79FF /* NSMutableArray+NSMutableFifo.m */; };
		C622ECC21F1FC6660015175A /* TFHpple.m in Sources */ = {isa = PBXBuildFile; fileRef = C632868D1F14C60100A19010 /* TFHpple.m */; };
		C622ECC31F1FC6660015175A /* TFHppleElement.m in Sources */ = {isa = PBXBuildFile; fileRef = C632868E1F14C60100A19010 /* TFHppleElement.m */; };
		C622ECC41F1FC6660015175A /* XPathQuery.m in Sources */ = {isa = PBXBuildFile; fileRef = C65C1B671F0F94AD002E79FF /* XPathQuery.m */; };
		C622ECC51F1FC6660015175A /* HTMLDocument.m in Sources */ = {isa = PBXBuildFile; fileRef = C651E2F21F13DF0E006FB9F3 /* HTMLDocument.m */; };
		C622ECC61F1FC6660015175A /* HTMLNode+XPath.m in Sources */ = {isa = PBXBuildFile; fileRef = C651E2F41F13DF0E006FB9F3 /* HTMLNode+XPath.m */; };
		C622ECC71F1FC6660015175A /* HTMLNode.m in Sources */ = {isa = PBXBuildFile; fileRef = C651E2F71F13DF0E006FB9F3 /* HTMLNode.m */; };
		C65C1B6E1F0F95D0002E79FF /* libxml2.tbd in Frameworks */ = {isa = PBXBuildFile; fileRef = C65C1B6D1F0F95D0002E79FF /* libxml2.tbd */; };
/* End PBXBuildFile section */

/* Begin PBXContainerItemProxy section */
		C617488E1F2787040062E7AD /* PBXContainerItemProxy */ = {
			isa = PBXContainerItemProxy;
			containerPortal = C617487A1F2787040062E7AD /* postgresql-kit.xcodeproj */;
			proxyType = 2;
			remoteGlobalIDString = 6ED85B4616288C4800A6DC02;
			remoteInfo = PGClientKit_mac;
		};
		C61748901F2787040062E7AD /* PBXContainerItemProxy */ = {
			isa = PBXContainerItemProxy;
			containerPortal = C617487A1F2787040062E7AD /* postgresql-kit.xcodeproj */;
			proxyType = 2;
			remoteGlobalIDString = 6ED763FB15F2673600687079;
			remoteInfo = PGServerKit_mac;
		};
		C61748921F2787040062E7AD /* PBXContainerItemProxy */ = {
			isa = PBXContainerItemProxy;
			containerPortal = C617487A1F2787040062E7AD /* postgresql-kit.xcodeproj */;
			proxyType = 2;
			remoteGlobalIDString = 14F1E84717CB83CD00710D4A;
			remoteInfo = PGControlsKit_mac;
		};
		C61748941F2787040062E7AD /* PBXContainerItemProxy */ = {
			isa = PBXContainerItemProxy;
			containerPortal = C617487A1F2787040062E7AD /* postgresql-kit.xcodeproj */;
			proxyType = 2;
			remoteGlobalIDString = 6E1548291A5816E600556573;
			remoteInfo = PGClientKit_ios;
		};
		C61748961F2787040062E7AD /* PBXContainerItemProxy */ = {
			isa = PBXContainerItemProxy;
			containerPortal = C617487A1F2787040062E7AD /* postgresql-kit.xcodeproj */;
			proxyType = 2;
			remoteGlobalIDString = 6ECA7ADC15F3637600AF2B70;
			remoteInfo = PGFoundationServer;
		};
		C61748981F2787040062E7AD /* PBXContainerItemProxy */ = {
			isa = PBXContainerItemProxy;
			containerPortal = C617487A1F2787040062E7AD /* postgresql-kit.xcodeproj */;
			proxyType = 2;
			remoteGlobalIDString = 6E4DEC85162CC38D008B26BD;
			remoteInfo = PGFoundationClient;
		};
		C617489A1F2787040062E7AD /* PBXContainerItemProxy */ = {
			isa = PBXContainerItemProxy;
			containerPortal = C617487A1F2787040062E7AD /* postgresql-kit.xcodeproj */;
			proxyType = 2;
			remoteGlobalIDString = 6E55A2091A618B0000CD2B60;
			remoteInfo = PGClient;
		};
		C617489C1F2787040062E7AD /* PBXContainerItemProxy */ = {
			isa = PBXContainerItemProxy;
			containerPortal = C617487A1F2787040062E7AD /* postgresql-kit.xcodeproj */;
			proxyType = 2;
			remoteGlobalIDString = 147070C61A90CB450069EF9C;
			remoteInfo = PGClientKit_unittests;
		};
		C617489E1F2787040062E7AD /* PBXContainerItemProxy */ = {
			isa = PBXContainerItemProxy;
			containerPortal = C617487A1F2787040062E7AD /* postgresql-kit.xcodeproj */;
			proxyType = 2;
			remoteGlobalIDString = 6EBDEA681AF38B09009CC810;
			remoteInfo = PGServerKit_unittests;
		};
		C61748A01F2787040062E7AD /* PBXContainerItemProxy */ = {
			isa = PBXContainerItemProxy;
			containerPortal = C617487A1F2787040062E7AD /* postgresql-kit.xcodeproj */;
			proxyType = 2;
			remoteGlobalIDString = 6E489C2D1A6D8EFA008E3068;
			remoteInfo = PGControlsKit_testcases;
		};
		C61748A21F2787040062E7AD /* PBXContainerItemProxy */ = {
			isa = PBXContainerItemProxy;
			containerPortal = C617487A1F2787040062E7AD /* postgresql-kit.xcodeproj */;
			proxyType = 2;
			remoteGlobalIDString = 6EA7CA311AB23D4900F22E90;
			remoteInfo = ControlsTest;
		};
		C61748A41F27874F0062E7AD /* PBXContainerItemProxy */ = {
			isa = PBXContainerItemProxy;
			containerPortal = C617487A1F2787040062E7AD /* postgresql-kit.xcodeproj */;
			proxyType = 1;
			remoteGlobalIDString = 6ED85B3516288C4800A6DC02;
			remoteInfo = PGClientKit_mac;
		};
/* End PBXContainerItemProxy section */

/* Begin PBXCopyFilesBuildPhase section */
		C642C4961F1D085800610B1C /* CopyFiles */ = {
			isa = PBXCopyFilesBuildPhase;
			buildActionMask = 2147483647;
			dstPath = "";
			dstSubfolderSpec = 16;
			files = (
			);
			runOnlyForDeploymentPostprocessing = 0;
		};
		C65C1B531F0F93EB002E79FF /* CopyFiles */ = {
			isa = PBXCopyFilesBuildPhase;
			buildActionMask = 2147483647;
			dstPath = /usr/share/man/man1/;
			dstSubfolderSpec = 0;
			files = (
			);
			runOnlyForDeploymentPostprocessing = 1;
		};
		C675F3581F264CA200DE54D1 /* CopyFiles */ = {
			isa = PBXCopyFilesBuildPhase;
			buildActionMask = 2147483647;
			dstPath = "";
			dstSubfolderSpec = 7;
			files = (
			);
			runOnlyForDeploymentPostprocessing = 0;
		};
/* End PBXCopyFilesBuildPhase section */

/* Begin PBXFileReference section */
		C617487A1F2787040062E7AD /* postgresql-kit.xcodeproj */ = {isa = PBXFileReference; lastKnownFileType = "wrapper.pb-project"; name = "postgresql-kit.xcodeproj"; path = "../../postgreSQL_kit/postgresql-kit/postgresql-kit.xcodeproj"; sourceTree = "<group>"; };
		C632868B1F14C60100A19010 /* TFHpple.h */ = {isa = PBXFileReference; fileEncoding = 4; lastKnownFileType = sourcecode.c.h; path = TFHpple.h; sourceTree = "<group>"; };
		C632868C1F14C60100A19010 /* TFHppleElement.h */ = {isa = PBXFileReference; fileEncoding = 4; lastKnownFileType = sourcecode.c.h; path = TFHppleElement.h; sourceTree = "<group>"; };
		C632868D1F14C60100A19010 /* TFHpple.m */ = {isa = PBXFileReference; fileEncoding = 4; lastKnownFileType = sourcecode.c.objc; path = TFHpple.m; sourceTree = "<group>"; };
		C632868E1F14C60100A19010 /* TFHppleElement.m */ = {isa = PBXFileReference; fileEncoding = 4; lastKnownFileType = sourcecode.c.objc; path = TFHppleElement.m; sourceTree = "<group>"; };
		C651E2F21F13DF0E006FB9F3 /* HTMLDocument.m */ = {isa = PBXFileReference; fileEncoding = 4; lastKnownFileType = sourcecode.c.objc; name = HTMLDocument.m; path = library/HTMLDocument.m; sourceTree = "<group>"; };
		C651E2F31F13DF0E006FB9F3 /* HTMLDocument.h */ = {isa = PBXFileReference; fileEncoding = 4; lastKnownFileType = sourcecode.c.h; name = HTMLDocument.h; path = library/HTMLDocument.h; sourceTree = "<group>"; };
		C651E2F41F13DF0E006FB9F3 /* HTMLNode+XPath.m */ = {isa = PBXFileReference; fileEncoding = 4; lastKnownFileType = sourcecode.c.objc; name = "HTMLNode+XPath.m"; path = "library/HTMLNode+XPath.m"; sourceTree = "<group>"; };
		C651E2F51F13DF0E006FB9F3 /* HTMLNode+XPath.h */ = {isa = PBXFileReference; fileEncoding = 4; lastKnownFileType = sourcecode.c.h; name = "HTMLNode+XPath.h"; path = "library/HTMLNode+XPath.h"; sourceTree = "<group>"; };
		C651E2F61F13DF0E006FB9F3 /* HTMLNode.h */ = {isa = PBXFileReference; fileEncoding = 4; lastKnownFileType = sourcecode.c.h; name = HTMLNode.h; path = library/HTMLNode.h; sourceTree = "<group>"; };
		C651E2F71F13DF0E006FB9F3 /* HTMLNode.m */ = {isa = PBXFileReference; fileEncoding = 4; lastKnownFileType = sourcecode.c.objc; name = HTMLNode.m; path = library/HTMLNode.m; sourceTree = "<group>"; };
		C65C1B551F0F93EB002E79FF /* crawler_datasheet */ = {isa = PBXFileReference; explicitFileType = "compiled.mach-o.executable"; includeInIndex = 0; path = crawler_datasheet; sourceTree = BUILT_PRODUCTS_DIR; };
		C65C1B581F0F93EB002E79FF /* main.m */ = {isa = PBXFileReference; lastKnownFileType = sourcecode.c.objc; path = main.m; sourceTree = "<group>"; };
		C65C1B5F1F0F9456002E79FF /* crawler_object.h */ = {isa = PBXFileReference; fileEncoding = 4; lastKnownFileType = sourcecode.c.h; path = crawler_object.h; sourceTree = "<group>"; };
		C65C1B601F0F9456002E79FF /* crawler_object.m */ = {isa = PBXFileReference; fileEncoding = 4; lastKnownFileType = sourcecode.c.objc; path = crawler_object.m; sourceTree = "<group>"; };
		C65C1B621F0F94AD002E79FF /* XPathQuery.h */ = {isa = PBXFileReference; fileEncoding = 4; lastKnownFileType = sourcecode.c.h; path = XPathQuery.h; sourceTree = "<group>"; };
		C65C1B671F0F94AD002E79FF /* XPathQuery.m */ = {isa = PBXFileReference; fileEncoding = 4; lastKnownFileType = sourcecode.c.objc; path = XPathQuery.m; sourceTree = "<group>"; };
		C65C1B6D1F0F95D0002E79FF /* libxml2.tbd */ = {isa = PBXFileReference; lastKnownFileType = "sourcecode.text-based-dylib-definition"; name = libxml2.tbd; path = usr/lib/libxml2.tbd; sourceTree = SDKROOT; };
		C65C1B6F1F0F9813002E79FF /* Prefix.pch */ = {isa = PBXFileReference; fileEncoding = 4; lastKnownFileType = sourcecode.c.h; path = Prefix.pch; sourceTree = "<group>"; };
		C65C1B701F0FB802002E79FF /* NSMutableArray+NSMutableFifo.h */ = {isa = PBXFileReference; fileEncoding = 4; lastKnownFileType = sourcecode.c.h; path = "NSMutableArray+NSMutableFifo.h"; sourceTree = "<group>"; };
		C65C1B711F0FB802002E79FF /* NSMutableArray+NSMutableFifo.m */ = {isa = PBXFileReference; fileEncoding = 4; lastKnownFileType = sourcecode.c.objc; path = "NSMutableArray+NSMutableFifo.m"; sourceTree = "<group>"; };
/* End PBXFileReference section */

/* Begin PBXFrameworksBuildPhase section */
		C65C1B521F0F93EB002E79FF /* Frameworks */ = {
			isa = PBXFrameworksBuildPhase;
			buildActionMask = 2147483647;
			files = (
				C61748A61F27878A0062E7AD /* PGClientKit.framework in Frameworks */,
				C65C1B6E1F0F95D0002E79FF /* libxml2.tbd in Frameworks */,
			);
			runOnlyForDeploymentPostprocessing = 0;
		};
/* End PBXFrameworksBuildPhase section */

/* Begin PBXGroup section */
		C617487B1F2787040062E7AD /* Products */ = {
			isa = PBXGroup;
			children = (
				C617488F1F2787040062E7AD /* PGClientKit.framework */,
				C61748911F2787040062E7AD /* PGServerKit.framework */,
				C61748931F2787040062E7AD /* PGControlsKit.framework */,
				C61748951F2787040062E7AD /* PGClientKit_ios.framework */,
				C61748971F2787040062E7AD /* PGFoundationServer */,
				C61748991F2787040062E7AD /* PGFoundationClient */,
				C617489B1F2787040062E7AD /* PGClient.app */,
				C617489D1F2787040062E7AD /* PGClientKit_unittests.xctest */,
				C617489F1F2787040062E7AD /* PGServerKit_unittests.xctest */,
				C61748A11F2787040062E7AD /* .xctest */,
				C61748A31F2787040062E7AD /* ControlsTest.app */,
			);
			name = Products;
			sourceTree = "<group>";
		};
		C63286861F14C57D00A19010 /* xmlquery_xx2 */ = {
			isa = PBXGroup;
			children = (
				C632868B1F14C60100A19010 /* TFHpple.h */,
				C632868C1F14C60100A19010 /* TFHppleElement.h */,
				C632868D1F14C60100A19010 /* TFHpple.m */,
				C632868E1F14C60100A19010 /* TFHppleElement.m */,
				C65C1B621F0F94AD002E79FF /* XPathQuery.h */,
				C65C1B671F0F94AD002E79FF /* XPathQuery.m */,
			);
			name = xmlquery_xx2;
			path = xmlquery;
			sourceTree = "<group>";
		};
		C651E2F11F13DEEE006FB9F3 /* htmldocument */ = {
			isa = PBXGroup;
			children = (
				C651E2F21F13DF0E006FB9F3 /* HTMLDocument.m */,
				C651E2F31F13DF0E006FB9F3 /* HTMLDocument.h */,
				C651E2F41F13DF0E006FB9F3 /* HTMLNode+XPath.m */,
				C651E2F51F13DF0E006FB9F3 /* HTMLNode+XPath.h */,
				C651E2F61F13DF0E006FB9F3 /* HTMLNode.h */,
				C651E2F71F13DF0E006FB9F3 /* HTMLNode.m */,
			);
			name = htmldocument;
			sourceTree = "<group>";
		};
		C65C1B4C1F0F93EB002E79FF = {
			isa = PBXGroup;
			children = (
				C65C1B571F0F93EB002E79FF /* crawler_datasheet */,
				C65C1B561F0F93EB002E79FF /* Products */,
				C65C1B6C1F0F95D0002E79FF /* Frameworks */,
			);
			sourceTree = "<group>";
		};
		C65C1B561F0F93EB002E79FF /* Products */ = {
			isa = PBXGroup;
			children = (
				C65C1B551F0F93EB002E79FF /* crawler_datasheet */,
			);
			name = Products;
			sourceTree = "<group>";
		};
		C65C1B571F0F93EB002E79FF /* crawler_datasheet */ = {
			isa = PBXGroup;
			children = (
				C617487A1F2787040062E7AD /* postgresql-kit.xcodeproj */,
				C65C1B6F1F0F9813002E79FF /* Prefix.pch */,
				C65C1B6B1F0F94B2002E79FF /* library */,
				C65C1B581F0F93EB002E79FF /* main.m */,
				C65C1B5F1F0F9456002E79FF /* crawler_object.h */,
				C65C1B601F0F9456002E79FF /* crawler_object.m */,
				C65C1B701F0FB802002E79FF /* NSMutableArray+NSMutableFifo.h */,
				C65C1B711F0FB802002E79FF /* NSMutableArray+NSMutableFifo.m */,
			);
			path = crawler_datasheet;
			sourceTree = "<group>";
		};
		C65C1B6B1F0F94B2002E79FF /* library */ = {
			isa = PBXGroup;
			children = (
				C63286861F14C57D00A19010 /* xmlquery_xx2 */,
				C651E2F11F13DEEE006FB9F3 /* htmldocument */,
			);
			name = library;
			sourceTree = "<group>";
		};
		C65C1B6C1F0F95D0002E79FF /* Frameworks */ = {
			isa = PBXGroup;
			children = (
				C65C1B6D1F0F95D0002E79FF /* libxml2.tbd */,
			);
			name = Frameworks;
			sourceTree = "<group>";
		};
/* End PBXGroup section */

/* Begin PBXNativeTarget section */
		C65C1B541F0F93EB002E79FF /* crawler_datasheet */ = {
			isa = PBXNativeTarget;
			buildConfigurationList = C65C1B5C1F0F93EB002E79FF /* Build configuration list for PBXNativeTarget "crawler_datasheet" */;
			buildPhases = (
				C675F3591F264CB500DE54D1 /* ShellScript */,
				C65C1B511F0F93EB002E79FF /* Sources */,
				C65C1B521F0F93EB002E79FF /* Frameworks */,
				C65C1B531F0F93EB002E79FF /* CopyFiles */,
				C642C4961F1D085800610B1C /* CopyFiles */,
				C675F3581F264CA200DE54D1 /* CopyFiles */,
			);
			buildRules = (
			);
			dependencies = (
				C61748A51F27874F0062E7AD /* PBXTargetDependency */,
			);
			name = crawler_datasheet;
			productName = crawler_datasheet;
			productReference = C65C1B551F0F93EB002E79FF /* crawler_datasheet */;
			productType = "com.apple.product-type.tool";
		};
/* End PBXNativeTarget section */

/* Begin PBXProject section */
		C65C1B4D1F0F93EB002E79FF /* Project object */ = {
			isa = PBXProject;
			attributes = {
				LastUpgradeCheck = 0830;
				ORGANIZATIONNAME = "Sebastien COTILLARD";
				TargetAttributes = {
					C65C1B541F0F93EB002E79FF = {
						CreatedOnToolsVersion = 8.3.3;
						ProvisioningStyle = Automatic;
					};
				};
			};
			buildConfigurationList = C65C1B501F0F93EB002E79FF /* Build configuration list for PBXProject "crawler_datasheet" */;
			compatibilityVersion = "Xcode 3.2";
			developmentRegion = English;
			hasScannedForEncodings = 0;
			knownRegions = (
				en,
				Base,
			);
			mainGroup = C65C1B4C1F0F93EB002E79FF;
			productRefGroup = C65C1B561F0F93EB002E79FF /* Products */;
			projectDirPath = "";
			projectReferences = (
				{
					ProductGroup = C617487B1F2787040062E7AD /* Products */;
					ProjectRef = C617487A1F2787040062E7AD /* postgresql-kit.xcodeproj */;
				},
			);
			projectRoot = "";
			targets = (
				C65C1B541F0F93EB002E79FF /* crawler_datasheet */,
			);
		};
/* End PBXProject section */

/* Begin PBXReferenceProxy section */
		C617488F1F2787040062E7AD /* PGClientKit.framework */ = {
			isa = PBXReferenceProxy;
			fileType = wrapper.framework;
			path = PGClientKit.framework;
			remoteRef = C617488E1F2787040062E7AD /* PBXContainerItemProxy */;
			sourceTree = BUILT_PRODUCTS_DIR;
		};
		C61748911F2787040062E7AD /* PGServerKit.framework */ = {
			isa = PBXReferenceProxy;
			fileType = wrapper.framework;
			path = PGServerKit.framework;
			remoteRef = C61748901F2787040062E7AD /* PBXContainerItemProxy */;
			sourceTree = BUILT_PRODUCTS_DIR;
		};
		C61748931F2787040062E7AD /* PGControlsKit.framework */ = {
			isa = PBXReferenceProxy;
			fileType = wrapper.framework;
			path = PGControlsKit.framework;
			remoteRef = C61748921F2787040062E7AD /* PBXContainerItemProxy */;
			sourceTree = BUILT_PRODUCTS_DIR;
		};
		C61748951F2787040062E7AD /* PGClientKit_ios.framework */ = {
			isa = PBXReferenceProxy;
			fileType = wrapper.framework;
			path = PGClientKit_ios.framework;
			remoteRef = C61748941F2787040062E7AD /* PBXContainerItemProxy */;
			sourceTree = BUILT_PRODUCTS_DIR;
		};
		C61748971F2787040062E7AD /* PGFoundationServer */ = {
			isa = PBXReferenceProxy;
			fileType = "compiled.mach-o.executable";
			path = PGFoundationServer;
			remoteRef = C61748961F2787040062E7AD /* PBXContainerItemProxy */;
			sourceTree = BUILT_PRODUCTS_DIR;
		};
		C61748991F2787040062E7AD /* PGFoundationClient */ = {
			isa = PBXReferenceProxy;
			fileType = "compiled.mach-o.executable";
			path = PGFoundationClient;
			remoteRef = C61748981F2787040062E7AD /* PBXContainerItemProxy */;
			sourceTree = BUILT_PRODUCTS_DIR;
		};
		C617489B1F2787040062E7AD /* PGClient.app */ = {
			isa = PBXReferenceProxy;
			fileType = wrapper.application;
			path = PGClient.app;
			remoteRef = C617489A1F2787040062E7AD /* PBXContainerItemProxy */;
			sourceTree = BUILT_PRODUCTS_DIR;
		};
		C617489D1F2787040062E7AD /* PGClientKit_unittests.xctest */ = {
			isa = PBXReferenceProxy;
			fileType = wrapper.cfbundle;
			path = PGClientKit_unittests.xctest;
			remoteRef = C617489C1F2787040062E7AD /* PBXContainerItemProxy */;
			sourceTree = BUILT_PRODUCTS_DIR;
		};
		C617489F1F2787040062E7AD /* PGServerKit_unittests.xctest */ = {
			isa = PBXReferenceProxy;
			fileType = wrapper.cfbundle;
			path = PGServerKit_unittests.xctest;
			remoteRef = C617489E1F2787040062E7AD /* PBXContainerItemProxy */;
			sourceTree = BUILT_PRODUCTS_DIR;
		};
		C61748A11F2787040062E7AD /* .xctest */ = {
			isa = PBXReferenceProxy;
			fileType = wrapper.cfbundle;
			path = .xctest;
			remoteRef = C61748A01F2787040062E7AD /* PBXContainerItemProxy */;
			sourceTree = BUILT_PRODUCTS_DIR;
		};
		C61748A31F2787040062E7AD /* ControlsTest.app */ = {
			isa = PBXReferenceProxy;
			fileType = wrapper.application;
			path = ControlsTest.app;
			remoteRef = C61748A21F2787040062E7AD /* PBXContainerItemProxy */;
			sourceTree = BUILT_PRODUCTS_DIR;
		};
/* End PBXReferenceProxy section */

/* Begin PBXShellScriptBuildPhase section */
		C675F3591F264CB500DE54D1 /* ShellScript */ = {
			isa = PBXShellScriptBuildPhase;
			buildActionMask = 2147483647;
			files = (
			);
			inputPaths = (
			);
			outputPaths = (
			);
			runOnlyForDeploymentPostprocessing = 0;
			shellPath = /bin/sh;
			shellScript = "#!/bin/bash\n\necho ${BUILT_PRODUCTS_DIR}\necho ${PROJECT_DIR}\n";
		};
/* End PBXShellScriptBuildPhase section */

/* Begin PBXSourcesBuildPhase section */
		C65C1B511F0F93EB002E79FF /* Sources */ = {
			isa = PBXSourcesBuildPhase;
			buildActionMask = 2147483647;
			files = (
				C622ECBF1F1FC5D80015175A /* main.m in Sources */,
				C622ECC01F1FC5D80015175A /* crawler_object.m in Sources */,
				C622ECC11F1FC5D80015175A /* NSMutableArray+NSMutableFifo.m in Sources */,
				C622ECC21F1FC6660015175A /* TFHpple.m in Sources */,
				C622ECC31F1FC6660015175A /* TFHppleElement.m in Sources */,
				C622ECC41F1FC6660015175A /* XPathQuery.m in Sources */,
				C622ECC51F1FC6660015175A /* HTMLDocument.m in Sources */,
				C622ECC61F1FC6660015175A /* HTMLNode+XPath.m in Sources */,
				C622ECC71F1FC6660015175A /* HTMLNode.m in Sources */,
			);
			runOnlyForDeploymentPostprocessing = 0;
		};
/* End PBXSourcesBuildPhase section */

/* Begin PBXTargetDependency section */
		C61748A51F27874F0062E7AD /* PBXTargetDependency */ = {
			isa = PBXTargetDependency;
			name = PGClientKit_mac;
			targetProxy = C61748A41F27874F0062E7AD /* PBXContainerItemProxy */;
		};
/* End PBXTargetDependency section */

/* Begin XCBuildConfiguration section */
		C65C1B5A1F0F93EB002E79FF /* Debug */ = {
			isa = XCBuildConfiguration;
			buildSettings = {
				ALWAYS_SEARCH_USER_PATHS = YES;
				CLANG_ANALYZER_NONNULL = YES;
				CLANG_ANALYZER_NUMBER_OBJECT_CONVERSION = YES_AGGRESSIVE;
				CLANG_CXX_LANGUAGE_STANDARD = "gnu++0x";
				CLANG_CXX_LIBRARY = "libc++";
				CLANG_ENABLE_MODULES = YES;
				CLANG_ENABLE_OBJC_ARC = YES;
				CLANG_WARN_BOOL_CONVERSION = YES;
				CLANG_WARN_CONSTANT_CONVERSION = YES;
				CLANG_WARN_DIRECT_OBJC_ISA_USAGE = YES_ERROR;
				CLANG_WARN_DOCUMENTATION_COMMENTS = YES;
				CLANG_WARN_EMPTY_BODY = YES;
				CLANG_WARN_ENUM_CONVERSION = YES;
				CLANG_WARN_INFINITE_RECURSION = YES;
				CLANG_WARN_INT_CONVERSION = YES;
				CLANG_WARN_OBJC_ROOT_CLASS = YES_ERROR;
				CLANG_WARN_SUSPICIOUS_MOVE = YES;
				CLANG_WARN_UNREACHABLE_CODE = YES;
				CLANG_WARN__DUPLICATE_METHOD_MATCH = YES;
				CODE_SIGN_IDENTITY = "-";
				COPY_PHASE_STRIP = NO;
				DEBUG_INFORMATION_FORMAT = dwarf;
				ENABLE_STRICT_OBJC_MSGSEND = YES;
				ENABLE_TESTABILITY = YES;
				GCC_C_LANGUAGE_STANDARD = "compiler-default";
				GCC_DYNAMIC_NO_PIC = NO;
				GCC_INCREASE_PRECOMPILED_HEADER_SHARING = YES;
				GCC_NO_COMMON_BLOCKS = YES;
				GCC_OPTIMIZATION_LEVEL = 0;
				GCC_PREFIX_HEADER = "$(PRODUCT_NAME)/Prefix.pch";
				GCC_PREPROCESSOR_DEFINITIONS = (
					"DEBUG=1",
					"$(inherited)",
				);
				GCC_WARN_64_TO_32_BIT_CONVERSION = YES;
				GCC_WARN_ABOUT_RETURN_TYPE = YES_ERROR;
				GCC_WARN_UNDECLARED_SELECTOR = YES;
				GCC_WARN_UNINITIALIZED_AUTOS = YES_AGGRESSIVE;
				GCC_WARN_UNUSED_FUNCTION = YES;
				GCC_WARN_UNUSED_VARIABLE = YES;
				HEADER_SEARCH_PATHS = "${SDKROOT}/usr/include/libxml2";
				LD_RUNPATH_SEARCH_PATHS = "${BUILT_PRODUCTS_DIR}";
				MACOSX_DEPLOYMENT_TARGET = 10.11;
				MTL_ENABLE_DEBUG_INFO = YES;
				ONLY_ACTIVE_ARCH = YES;
				OTHER_LDFLAGS = (
					"$(inherited)",
					"-lxml2",
				);
				SDKROOT = macosx;
			};
			name = Debug;
		};
		C65C1B5B1F0F93EB002E79FF /* Release */ = {
			isa = XCBuildConfiguration;
			buildSettings = {
				ALWAYS_SEARCH_USER_PATHS = YES;
				CLANG_ANALYZER_NONNULL = YES;
				CLANG_ANALYZER_NUMBER_OBJECT_CONVERSION = YES_AGGRESSIVE;
				CLANG_CXX_LANGUAGE_STANDARD = "gnu++0x";
				CLANG_CXX_LIBRARY = "libc++";
				CLANG_ENABLE_MODULES = YES;
				CLANG_ENABLE_OBJC_ARC = YES;
				CLANG_WARN_BOOL_CONVERSION = YES;
				CLANG_WARN_CONSTANT_CONVERSION = YES;
				CLANG_WARN_DIRECT_OBJC_ISA_USAGE = YES_ERROR;
				CLANG_WARN_DOCUMENTATION_COMMENTS = YES;
				CLANG_WARN_EMPTY_BODY = YES;
				CLANG_WARN_ENUM_CONVERSION = YES;
				CLANG_WARN_INFINITE_RECURSION = YES;
				CLANG_WARN_INT_CONVERSION = YES;
				CLANG_WARN_OBJC_ROOT_CLASS = YES_ERROR;
				CLANG_WARN_SUSPICIOUS_MOVE = YES;
				CLANG_WARN_UNREACHABLE_CODE = YES;
				CLANG_WARN__DUPLICATE_METHOD_MATCH = YES;
				CODE_SIGN_IDENTITY = "-";
				COPY_PHASE_STRIP = NO;
				DEBUG_INFORMATION_FORMAT = "dwarf-with-dsym";
				ENABLE_NS_ASSERTIONS = YES;
				ENABLE_STRICT_OBJC_MSGSEND = YES;
				GCC_C_LANGUAGE_STANDARD = "compiler-default";
				GCC_INCREASE_PRECOMPILED_HEADER_SHARING = YES;
				GCC_NO_COMMON_BLOCKS = YES;
				GCC_PREFIX_HEADER = "$(PRODUCT_NAME)/Prefix.pch";
				GCC_WARN_64_TO_32_BIT_CONVERSION = YES;
				GCC_WARN_ABOUT_RETURN_TYPE = YES_ERROR;
				GCC_WARN_UNDECLARED_SELECTOR = YES;
				GCC_WARN_UNINITIALIZED_AUTOS = YES_AGGRESSIVE;
				GCC_WARN_UNUSED_FUNCTION = YES;
				GCC_WARN_UNUSED_VARIABLE = YES;
				HEADER_SEARCH_PATHS = "${SDKROOT}/usr/include/libxml2";
				LD_RUNPATH_SEARCH_PATHS = "${BUILT_PRODUCTS_DIR}";
				MACOSX_DEPLOYMENT_TARGET = 10.11;
				MTL_ENABLE_DEBUG_INFO = NO;
				OTHER_LDFLAGS = (
					"$(inherited)",
					"-lxml2",
				);
				SDKROOT = macosx;
			};
			name = Release;
		};
		C65C1B5D1F0F93EB002E79FF /* Debug */ = {
			isa = XCBuildConfiguration;
			buildSettings = {
				FRAMEWORK_SEARCH_PATHS = (
					"$(inherited)",
					"$(PROJECT_DIR)/crawler_datasheet/library",
				);
				GCC_PREFIX_HEADER = "${PRODUCT_NAME}/Prefix.pch";
				MACOSX_DEPLOYMENT_TARGET = 10.11;
				PRODUCT_NAME = "$(TARGET_NAME)";
			};
			name = Debug;
		};
		C65C1B5E1F0F93EB002E79FF /* Release */ = {
			isa = XCBuildConfiguration;
			buildSettings = {
				FRAMEWORK_SEARCH_PATHS = (
					"$(inherited)",
					"$(PROJECT_DIR)/crawler_datasheet/library",
				);
				GCC_PREFIX_HEADER = "${PRODUCT_NAME}/Prefix.pch";
				MACOSX_DEPLOYMENT_TARGET = 10.11;
				PRODUCT_NAME = "$(TARGET_NAME)";
			};
			name = Release;
		};
/* End XCBuildConfiguration section */

/* Begin XCConfigurationList section */
		C65C1B501F0F93EB002E79FF /* Build configuration list for PBXProject "crawler_datasheet" */ = {
			isa = XCConfigurationList;
			buildConfigurations = (
				C65C1B5A1F0F93EB002E79FF /* Debug */,
				C65C1B5B1F0F93EB002E79FF /* Release */,
			);
			defaultConfigurationIsVisible = 0;
			defaultConfigurationName = Release;
		};
		C65C1B5C1F0F93EB002E79FF /* Build configuration list for PBXNativeTarget "crawler_datasheet" */ = {
			isa = XCConfigurationList;
			buildConfigurations = (
				C65C1B5D1F0F93EB002E79FF /* Debug */,
				C65C1B5E1F0F93EB002E79FF /* Release */,
			);
			defaultConfigurationIsVisible = 0;
			defaultConfigurationName = Release;
		};
/* End XCConfigurationList section */
	};
	rootObject = C65C1B4D1F0F93EB002E79FF /* Project object */;
}
